// !$*UTF8*$!
{
	archiveVersion = 1;
	classes = {
	};
	objectVersion = 46;
	objects = {

/* Begin PBXBuildFile section */
		849537231C7F4E5A002B6938 /* AppDelegate.swift in Sources */ = {isa = PBXBuildFile; fileRef = 849537221C7F4E5A002B6938 /* AppDelegate.swift */; };
		849537251C7F4E5A002B6938 /* ViewController.swift in Sources */ = {isa = PBXBuildFile; fileRef = 849537241C7F4E5A002B6938 /* ViewController.swift */; };
		849537281C7F4E5B002B6938 /* Main.storyboard in Resources */ = {isa = PBXBuildFile; fileRef = 849537261C7F4E5B002B6938 /* Main.storyboard */; };
		8495372A1C7F4E5B002B6938 /* Assets.xcassets in Resources */ = {isa = PBXBuildFile; fileRef = 849537291C7F4E5B002B6938 /* Assets.xcassets */; };
		8495372D1C7F4E5B002B6938 /* LaunchScreen.storyboard in Resources */ = {isa = PBXBuildFile; fileRef = 8495372B1C7F4E5B002B6938 /* LaunchScreen.storyboard */; };
		849537381C7F4E5B002B6938 /* imagePickerTests.swift in Sources */ = {isa = PBXBuildFile; fileRef = 849537371C7F4E5B002B6938 /* imagePickerTests.swift */; };
		849537431C7F4E5B002B6938 /* imagePickerUITests.swift in Sources */ = {isa = PBXBuildFile; fileRef = 849537421C7F4E5B002B6938 /* imagePickerUITests.swift */; };
/* End PBXBuildFile section */

/* Begin PBXContainerItemProxy section */
		849537341C7F4E5B002B6938 /* PBXContainerItemProxy */ = {
			isa = PBXContainerItemProxy;
			containerPortal = 849537171C7F4E5A002B6938 /* Project object */;
			proxyType = 1;
			remoteGlobalIDString = 8495371E1C7F4E5A002B6938;
			remoteInfo = imagePicker;
		};
		8495373F1C7F4E5B002B6938 /* PBXContainerItemProxy */ = {
			isa = PBXContainerItemProxy;
			containerPortal = 849537171C7F4E5A002B6938 /* Project object */;
			proxyType = 1;
			remoteGlobalIDString = 8495371E1C7F4E5A002B6938;
			remoteInfo = imagePicker;
		};
/* End PBXContainerItemProxy section */

/* Begin PBXFileReference section */
		8495371F1C7F4E5A002B6938 /* imagePicker.app */ = {isa = PBXFileReference; explicitFileType = wrapper.application; includeInIndex = 0; path = imagePicker.app; sourceTree = BUILT_PRODUCTS_DIR; };
		849537221C7F4E5A002B6938 /* AppDelegate.swift */ = {isa = PBXFileReference; lastKnownFileType = sourcecode.swift; path = AppDelegate.swift; sourceTree = "<group>"; };
		849537241C7F4E5A002B6938 /* ViewController.swift */ = {isa = PBXFileReference; lastKnownFileType = sourcecode.swift; path = ViewController.swift; sourceTree = "<group>"; };
		849537271C7F4E5B002B6938 /* Base */ = {isa = PBXFileReference; lastKnownFileType = file.storyboard; name = Base; path = Base.lproj/Main.storyboard; sourceTree = "<group>"; };
		849537291C7F4E5B002B6938 /* Assets.xcassets */ = {isa = PBXFileReference; lastKnownFileType = folder.assetcatalog; path = Assets.xcassets; sourceTree = "<group>"; };
		8495372C1C7F4E5B002B6938 /* Base */ = {isa = PBXFileReference; lastKnownFileType = file.storyboard; name = Base; path = Base.lproj/LaunchScreen.storyboard; sourceTree = "<group>"; };
		8495372E1C7F4E5B002B6938 /* Info.plist */ = {isa = PBXFileReference; lastKnownFileType = text.plist.xml; path = Info.plist; sourceTree = "<group>"; };
		849537331C7F4E5B002B6938 /* imagePickerTests.xctest */ = {isa = PBXFileReference; explicitFileType = wrapper.cfbundle; includeInIndex = 0; path = imagePickerTests.xctest; sourceTree = BUILT_PRODUCTS_DIR; };
		849537371C7F4E5B002B6938 /* imagePickerTests.swift */ = {isa = PBXFileReference; lastKnownFileType = sourcecode.swift; path = imagePickerTests.swift; sourceTree = "<group>"; };
		849537391C7F4E5B002B6938 /* Info.plist */ = {isa = PBXFileReference; lastKnownFileType = text.plist.xml; path = Info.plist; sourceTree = "<group>"; };
		8495373E1C7F4E5B002B6938 /* imagePickerUITests.xctest */ = {isa = PBXFileReference; explicitFileType = wrapper.cfbundle; includeInIndex = 0; path = imagePickerUITests.xctest; sourceTree = BUILT_PRODUCTS_DIR; };
		849537421C7F4E5B002B6938 /* imagePickerUITests.swift */ = {isa = PBXFileReference; lastKnownFileType = sourcecode.swift; path = imagePickerUITests.swift; sourceTree = "<group>"; };
		849537441C7F4E5B002B6938 /* Info.plist */ = {isa = PBXFileReference; lastKnownFileType = text.plist.xml; path = Info.plist; sourceTree = "<group>"; };
/* End PBXFileReference section */

/* Begin PBXFrameworksBuildPhase section */
		8495371C1C7F4E5A002B6938 /* Frameworks */ = {
			isa = PBXFrameworksBuildPhase;
			buildActionMask = 2147483647;
			files = (
			);
			runOnlyForDeploymentPostprocessing = 0;
		};
		849537301C7F4E5B002B6938 /* Frameworks */ = {
			isa = PBXFrameworksBuildPhase;
			buildActionMask = 2147483647;
			files = (
			);
			runOnlyForDeploymentPostprocessing = 0;
		};
		8495373B1C7F4E5B002B6938 /* Frameworks */ = {
			isa = PBXFrameworksBuildPhase;
			buildActionMask = 2147483647;
			files = (
			);
			runOnlyForDeploymentPostprocessing = 0;
		};
/* End PBXFrameworksBuildPhase section */

/* Begin PBXGroup section */
		849537161C7F4E5A002B6938 = {
			isa = PBXGroup;
			children = (
				849537211C7F4E5A002B6938 /* imagePicker */,
				849537361C7F4E5B002B6938 /* imagePickerTests */,
				849537411C7F4E5B002B6938 /* imagePickerUITests */,
				849537201C7F4E5A002B6938 /* Products */,
			);
			sourceTree = "<group>";
		};
		849537201C7F4E5A002B6938 /* Products */ = {
			isa = PBXGroup;
			children = (
				8495371F1C7F4E5A002B6938 /* imagePicker.app */,
				849537331C7F4E5B002B6938 /* imagePickerTests.xctest */,
				8495373E1C7F4E5B002B6938 /* imagePickerUITests.xctest */,
			);
			name = Products;
			sourceTree = "<group>";
		};
		849537211C7F4E5A002B6938 /* imagePicker */ = {
			isa = PBXGroup;
			children = (
				849537221C7F4E5A002B6938 /* AppDelegate.swift */,
				849537241C7F4E5A002B6938 /* ViewController.swift */,
				849537261C7F4E5B002B6938 /* Main.storyboard */,
				849537291C7F4E5B002B6938 /* Assets.xcassets */,
				8495372B1C7F4E5B002B6938 /* LaunchScreen.storyboard */,
				8495372E1C7F4E5B002B6938 /* Info.plist */,
			);
			path = imagePicker;
			sourceTree = "<group>";
		};
		849537361C7F4E5B002B6938 /* imagePickerTests */ = {
			isa = PBXGroup;
			children = (
				849537371C7F4E5B002B6938 /* imagePickerTests.swift */,
				849537391C7F4E5B002B6938 /* Info.plist */,
			);
			path = imagePickerTests;
			sourceTree = "<group>";
		};
		849537411C7F4E5B002B6938 /* imagePickerUITests */ = {
			isa = PBXGroup;
			children = (
				849537421C7F4E5B002B6938 /* imagePickerUITests.swift */,
				849537441C7F4E5B002B6938 /* Info.plist */,
			);
			path = imagePickerUITests;
			sourceTree = "<group>";
		};
/* End PBXGroup section */

/* Begin PBXNativeTarget section */
		8495371E1C7F4E5A002B6938 /* imagePicker */ = {
			isa = PBXNativeTarget;
			buildConfigurationList = 849537471C7F4E5B002B6938 /* Build configuration list for PBXNativeTarget "imagePicker" */;
			buildPhases = (
				8495371B1C7F4E5A002B6938 /* Sources */,
				8495371C1C7F4E5A002B6938 /* Frameworks */,
				8495371D1C7F4E5A002B6938 /* Resources */,
			);
			buildRules = (
			);
			dependencies = (
			);
			name = imagePicker;
			productName = imagePicker;
			productReference = 8495371F1C7F4E5A002B6938 /* imagePicker.app */;
			productType = "com.apple.product-type.application";
		};
		849537321C7F4E5B002B6938 /* imagePickerTests */ = {
			isa = PBXNativeTarget;
			buildConfigurationList = 8495374A1C7F4E5B002B6938 /* Build configuration list for PBXNativeTarget "imagePickerTests" */;
			buildPhases = (
				8495372F1C7F4E5B002B6938 /* Sources */,
				849537301C7F4E5B002B6938 /* Frameworks */,
				849537311C7F4E5B002B6938 /* Resources */,
			);
			buildRules = (
			);
			dependencies = (
				849537351C7F4E5B002B6938 /* PBXTargetDependency */,
			);
			name = imagePickerTests;
			productName = imagePickerTests;
			productReference = 849537331C7F4E5B002B6938 /* imagePickerTests.xctest */;
			productType = "com.apple.product-type.bundle.unit-test";
		};
		8495373D1C7F4E5B002B6938 /* imagePickerUITests */ = {
			isa = PBXNativeTarget;
			buildConfigurationList = 8495374D1C7F4E5B002B6938 /* Build configuration list for PBXNativeTarget "imagePickerUITests" */;
			buildPhases = (
				8495373A1C7F4E5B002B6938 /* Sources */,
				8495373B1C7F4E5B002B6938 /* Frameworks */,
				8495373C1C7F4E5B002B6938 /* Resources */,
			);
			buildRules = (
			);
			dependencies = (
				849537401C7F4E5B002B6938 /* PBXTargetDependency */,
			);
			name = imagePickerUITests;
			productName = imagePickerUITests;
			productReference = 8495373E1C7F4E5B002B6938 /* imagePickerUITests.xctest */;
			productType = "com.apple.product-type.bundle.ui-testing";
		};
/* End PBXNativeTarget section */

/* Begin PBXProject section */
		849537171C7F4E5A002B6938 /* Project object */ = {
			isa = PBXProject;
			attributes = {
				LastSwiftUpdateCheck = 0720;
				LastUpgradeCheck = 0720;
				ORGANIZATIONNAME = min.kyaw;
				TargetAttributes = {
					8495371E1C7F4E5A002B6938 = {
						CreatedOnToolsVersion = 7.2;
					};
					849537321C7F4E5B002B6938 = {
						CreatedOnToolsVersion = 7.2;
						TestTargetID = 8495371E1C7F4E5A002B6938;
					};
					8495373D1C7F4E5B002B6938 = {
						CreatedOnToolsVersion = 7.2;
						TestTargetID = 8495371E1C7F4E5A002B6938;
					};
				};
			};
			buildConfigurationList = 8495371A1C7F4E5A002B6938 /* Build configuration list for PBXProject "imagePicker" */;
			compatibilityVersion = "Xcode 3.2";
			developmentRegion = English;
			hasScannedForEncodings = 0;
			knownRegions = (
				en,
				Base,
			);
			mainGroup = 849537161C7F4E5A002B6938;
			productRefGroup = 849537201C7F4E5A002B6938 /* Products */;
			projectDirPath = "";
			projectRoot = "";
			targets = (
				8495371E1C7F4E5A002B6938 /* imagePicker */,
				849537321C7F4E5B002B6938 /* imagePickerTests */,
				8495373D1C7F4E5B002B6938 /* imagePickerUITests */,
			);
		};
/* End PBXProject section */

/* Begin PBXResourcesBuildPhase section */
		8495371D1C7F4E5A002B6938 /* Resources */ = {
			isa = PBXResourcesBuildPhase;
			buildActionMask = 2147483647;
			files = (
				8495372D1C7F4E5B002B6938 /* LaunchScreen.storyboard in Resources */,
				8495372A1C7F4E5B002B6938 /* Assets.xcassets in Resources */,
				849537281C7F4E5B002B6938 /* Main.storyboard in Resources */,
			);
			runOnlyForDeploymentPostprocessing = 0;
		};
		849537311C7F4E5B002B6938 /* Resources */ = {
			isa = PBXResourcesBuildPhase;
			buildActionMask = 2147483647;
			files = (
			);
			runOnlyForDeploymentPostprocessing = 0;
		};
		8495373C1C7F4E5B002B6938 /* Resources */ = {
			isa = PBXResourcesBuildPhase;
			buildActionMask = 2147483647;
			files = (
			);
			runOnlyForDeploymentPostprocessing = 0;
		};
/* End PBXResourcesBuildPhase section */

/* Begin PBXSourcesBuildPhase section */
		8495371B1C7F4E5A002B6938 /* Sources */ = {
			isa = PBXSourcesBuildPhase;
			buildActionMask = 2147483647;
			files = (
				849537251C7F4E5A002B6938 /* ViewController.swift in Sources */,
				849537231C7F4E5A002B6938 /* AppDelegate.swift in Sources */,
			);
			runOnlyForDeploymentPostprocessing = 0;
		};
		8495372F1C7F4E5B002B6938 /* Sources */ = {
			isa = PBXSourcesBuildPhase;
			buildActionMask = 2147483647;
			files = (
				849537381C7F4E5B002B6938 /* imagePickerTests.swift in Sources */,
			);
			runOnlyForDeploymentPostprocessing = 0;
		};
		8495373A1C7F4E5B002B6938 /* Sources */ = {
			isa = PBXSourcesBuildPhase;
			buildActionMask = 2147483647;
			files = (
				849537431C7F4E5B002B6938 /* imagePickerUITests.swift in Sources */,
			);
			runOnlyForDeploymentPostprocessing = 0;
		};
/* End PBXSourcesBuildPhase section */

/* Begin PBXTargetDependency section */
		849537351C7F4E5B002B6938 /* PBXTargetDependency */ = {
			isa = PBXTargetDependency;
			target = 8495371E1C7F4E5A002B6938 /* imagePicker */;
			targetProxy = 849537341C7F4E5B002B6938 /* PBXContainerItemProxy */;
		};
		849537401C7F4E5B002B6938 /* PBXTargetDependency */ = {
			isa = PBXTargetDependency;
			target = 8495371E1C7F4E5A002B6938 /* imagePicker */;
			targetProxy = 8495373F1C7F4E5B002B6938 /* PBXContainerItemProxy */;
		};
/* End PBXTargetDependency section */

/* Begin PBXVariantGroup section */
		849537261C7F4E5B002B6938 /* Main.storyboard */ = {
			isa = PBXVariantGroup;
			children = (
				849537271C7F4E5B002B6938 /* Base */,
			);
			name = Main.storyboard;
			sourceTree = "<group>";
		};
		8495372B1C7F4E5B002B6938 /* LaunchScreen.storyboard */ = {
			isa = PBXVariantGroup;
			children = (
				8495372C1C7F4E5B002B6938 /* Base */,
			);
			name = LaunchScreen.storyboard;
			sourceTree = "<group>";
		};
/* End PBXVariantGroup section */

/* Begin XCBuildConfiguration section */
		849537451C7F4E5B002B6938 /* Debug */ = {
			isa = XCBuildConfiguration;
			buildSettings = {
				ALWAYS_SEARCH_USER_PATHS = NO;
				CLANG_CXX_LANGUAGE_STANDARD = "gnu++0x";
				CLANG_CXX_LIBRARY = "libc++";
				CLANG_ENABLE_MODULES = YES;
				CLANG_ENABLE_OBJC_ARC = YES;
				CLANG_WARN_BOOL_CONVERSION = YES;
				CLANG_WARN_CONSTANT_CONVERSION = YES;
				CLANG_WARN_DIRECT_OBJC_ISA_USAGE = YES_ERROR;
				CLANG_WARN_EMPTY_BODY = YES;
				CLANG_WARN_ENUM_CONVERSION = YES;
				CLANG_WARN_INT_CONVERSION = YES;
				CLANG_WARN_OBJC_ROOT_CLASS = YES_ERROR;
				CLANG_WARN_UNREACHABLE_CODE = YES;
				CLANG_WARN__DUPLICATE_METHOD_MATCH = YES;
				"CODE_SIGN_IDENTITY[sdk=iphoneos*]" = "iPhone Developer";
				COPY_PHASE_STRIP = NO;
				DEBUG_INFORMATION_FORMAT = dwarf;
				ENABLE_STRICT_OBJC_MSGSEND = YES;
				ENABLE_TESTABILITY = YES;
				GCC_C_LANGUAGE_STANDARD = gnu99;
				GCC_DYNAMIC_NO_PIC = NO;
				GCC_NO_COMMON_BLOCKS = YES;
				GCC_OPTIMIZATION_LEVEL = 0;
				GCC_PREPROCESSOR_DEFINITIONS = (
					"DEBUG=1",
					"$(inherited)",
				);
				GCC_WARN_64_TO_32_BIT_CONVERSION = YES;
				GCC_WARN_ABOUT_RETURN_TYPE = YES_ERROR;
				GCC_WARN_UNDECLARED_SELECTOR = YES;
				GCC_WARN_UNINITIALIZED_AUTOS = YES_AGGRESSIVE;
				GCC_WARN_UNUSED_FUNCTION = YES;
				GCC_WARN_UNUSED_VARIABLE = YES;
				IPHONEOS_DEPLOYMENT_TARGET = 9.2;
				MTL_ENABLE_DEBUG_INFO = YES;
				ONLY_ACTIVE_ARCH = YES;
				SDKROOT = iphoneos;
				SWIFT_OPTIMIZATION_LEVEL = "-Onone";
				TARGETED_DEVICE_FAMILY = "1,2";
			};
			name = Debug;
		};
		849537461C7F4E5B002B6938 /* Release */ = {
			isa = XCBuildConfiguration;
			buildSettings = {
				ALWAYS_SEARCH_USER_PATHS = NO;
				CLANG_CXX_LANGUAGE_STANDARD = "gnu++0x";
				CLANG_CXX_LIBRARY = "libc++";
				CLANG_ENABLE_MODULES = YES;
				CLANG_ENABLE_OBJC_ARC = YES;
				CLANG_WARN_BOOL_CONVERSION = YES;
				CLANG_WARN_CONSTANT_CONVERSION = YES;
				CLANG_WARN_DIRECT_OBJC_ISA_USAGE = YES_ERROR;
				CLANG_WARN_EMPTY_BODY = YES;
				CLANG_WARN_ENUM_CONVERSION = YES;
				CLANG_WARN_INT_CONVERSION = YES;
				CLANG_WARN_OBJC_ROOT_CLASS = YES_ERROR;
				CLANG_WARN_UNREACHABLE_CODE = YES;
				CLANG_WARN__DUPLICATE_METHOD_MATCH = YES;
				"CODE_SIGN_IDENTITY[sdk=iphoneos*]" = "iPhone Developer";
				COPY_PHASE_STRIP = NO;
				DEBUG_INFORMATION_FORMAT = "dwarf-with-dsym";
				ENABLE_NS_ASSERTIONS = NO;
				ENABLE_STRICT_OBJC_MSGSEND = YES;
				GCC_C_LANGUAGE_STANDARD = gnu99;
				GCC_NO_COMMON_BLOCKS = YES;
				GCC_WARN_64_TO_32_BIT_CONVERSION = YES;
				GCC_WARN_ABOUT_RETURN_TYPE = YES_ERROR;
				GCC_WARN_UNDECLARED_SELECTOR = YES;
				GCC_WARN_UNINITIALIZED_AUTOS = YES_AGGRESSIVE;
				GCC_WARN_UNUSED_FUNCTION = YES;
				GCC_WARN_UNUSED_VARIABLE = YES;
				IPHONEOS_DEPLOYMENT_TARGET = 9.2;
				MTL_ENABLE_DEBUG_INFO = NO;
				SDKROOT = iphoneos;
				TARGETED_DEVICE_FAMILY = "1,2";
				VALIDATE_PRODUCT = YES;
			};
			name = Release;
		};
		849537481C7F4E5B002B6938 /* Debug */ = {
			isa = XCBuildConfiguration;
			buildSettings = {
				ASSETCATALOG_COMPILER_APPICON_NAME = AppIcon;
				INFOPLIST_FILE = imagePicker/Info.plist;
				LD_RUNPATH_SEARCH_PATHS = "$(inherited) @executable_path/Frameworks";
				PRODUCT_BUNDLE_IDENTIFIER = minthukayw.imagePicker;
				PRODUCT_NAME = "$(TARGET_NAME)";
			};
			name = Debug;
		};
		849537491C7F4E5B002B6938 /* Release */ = {
			isa = XCBuildConfiguration;
			buildSettings = {
				ASSETCATALOG_COMPILER_APPICON_NAME = AppIcon;
				INFOPLIST_FILE = imagePicker/Info.plist;
				LD_RUNPATH_SEARCH_PATHS = "$(inherited) @executable_path/Frameworks";
				PRODUCT_BUNDLE_IDENTIFIER = minthukayw.imagePicker;
				PRODUCT_NAME = "$(TARGET_NAME)";
			};
			name = Release;
		};
		8495374B1C7F4E5B002B6938 /* Debug */ = {
			isa = XCBuildConfiguration;
			buildSettings = {
				BUNDLE_LOADER = "$(TEST_HOST)";
				INFOPLIST_FILE = imagePickerTests/Info.plist;
				LD_RUNPATH_SEARCH_PATHS = "$(inherited) @executable_path/Frameworks @loader_path/Frameworks";
				PRODUCT_BUNDLE_IDENTIFIER = minthukayw.imagePickerTests;
				PRODUCT_NAME = "$(TARGET_NAME)";
				TEST_HOST = "$(BUILT_PRODUCTS_DIR)/imagePicker.app/imagePicker";
			};
			name = Debug;
		};
		8495374C1C7F4E5B002B6938 /* Release */ = {
			isa = XCBuildConfiguration;
			buildSettings = {
				BUNDLE_LOADER = "$(TEST_HOST)";
				INFOPLIST_FILE = imagePickerTests/Info.plist;
				LD_RUNPATH_SEARCH_PATHS = "$(inherited) @executable_path/Frameworks @loader_path/Frameworks";
				PRODUCT_BUNDLE_IDENTIFIER = minthukayw.imagePickerTests;
				PRODUCT_NAME = "$(TARGET_NAME)";
				TEST_HOST = "$(BUILT_PRODUCTS_DIR)/imagePicker.app/imagePicker";
			};
			name = Release;
		};
		8495374E1C7F4E5B002B6938 /* Debug */ = {
			isa = XCBuildConfiguration;
			buildSettings = {
				INFOPLIST_FILE = imagePickerUITests/Info.plist;
				LD_RUNPATH_SEARCH_PATHS = "$(inherited) @executable_path/Frameworks @loader_path/Frameworks";
				PRODUCT_BUNDLE_IDENTIFIER = minthukayw.imagePickerUITests;
				PRODUCT_NAME = "$(TARGET_NAME)";
				TEST_TARGET_NAME = imagePicker;
				USES_XCTRUNNER = YES;
			};
			name = Debug;
		};
		8495374F1C7F4E5B002B6938 /* Release */ = {
			isa = XCBuildConfiguration;
			buildSettings = {
				INFOPLIST_FILE = imagePickerUITests/Info.plist;
				LD_RUNPATH_SEARCH_PATHS = "$(inherited) @executable_path/Frameworks @loader_path/Frameworks";
				PRODUCT_BUNDLE_IDENTIFIER = minthukayw.imagePickerUITests;
				PRODUCT_NAME = "$(TARGET_NAME)";
				TEST_TARGET_NAME = imagePicker;
				USES_XCTRUNNER = YES;
			};
			name = Release;
		};
/* End XCBuildConfiguration section */

/* Begin XCConfigurationList section */
		8495371A1C7F4E5A002B6938 /* Build configuration list for PBXProject "imagePicker" */ = {
			isa = XCConfigurationList;
			buildConfigurations = (
				849537451C7F4E5B002B6938 /* Debug */,
				849537461C7F4E5B002B6938 /* Release */,
			);
			defaultConfigurationIsVisible = 0;
			defaultConfigurationName = Release;
		};
		849537471C7F4E5B002B6938 /* Build configuration list for PBXNativeTarget "imagePicker" */ = {
			isa = XCConfigurationList;
			buildConfigurations = (
				849537481C7F4E5B002B6938 /* Debug */,
				849537491C7F4E5B002B6938 /* Release */,
			);
			defaultConfigurationIsVisible = 0;
		};
		8495374A1C7F4E5B002B6938 /* Build configuration list for PBXNativeTarget "imagePickerTests" */ = {
			isa = XCConfigurationList;
			buildConfigurations = (
				8495374B1C7F4E5B002B6938 /* Debug */,
				8495374C1C7F4E5B002B6938 /* Release */,
			);
			defaultConfigurationIsVisible = 0;
		};
		8495374D1C7F4E5B002B6938 /* Build configuration list for PBXNativeTarget "imagePickerUITests" */ = {
			isa = XCConfigurationList;
			buildConfigurations = (
				8495374E1C7F4E5B002B6938 /* Debug */,
				8495374F1C7F4E5B002B6938 /* Release */,
			);
			defaultConfigurationIsVisible = 0;
		};
/* End XCConfigurationList section */
	};
	rootObject = 849537171C7F4E5A002B6938 /* Project object */;
}
